
Microsoft Visual Studio Solution File, Format Version 12.00
# Visual Studio Version 17
VisualStudioVersion = 17.2.32630.192
MinimumVisualStudioVersion = 10.0.40219.1
Project("{FAE04EC0-301F-11D3-BF4B-00C04F79EFBC}") = "CS Lesson 11", "CS Lesson 11\CS Lesson 11.csproj", "{B243BAA4-A54A-47AF-A436-9982BF05FB66}"
EndProject
Global
	GlobalSection(SolutionConfigurationPlatforms) = preSolution
		Debug|Any CPU = Debug|Any CPU
		Release|Any CPU = Release|Any CPU
	EndGlobalSection
	GlobalSection(ProjectConfigurationPlatforms) = postSolution
		{B243BAA4-A54A-47AF-A436-9982BF05FB66}.Debug|Any CPU.ActiveCfg = Debug|Any CPU
		{B243BAA4-A54A-47AF-A436-9982BF05FB66}.Debug|Any CPU.Build.0 = Debug|Any CPU
		{B243BAA4-A54A-47AF-A436-9982BF05FB66}.Release|Any CPU.ActiveCfg = Release|Any CPU
		{B243BAA4-A54A-47AF-A436-9982BF05FB66}.Release|Any CPU.Build.0 = Release|Any CPU
	EndGlobalSection
	GlobalSection(SolutionProperties) = preSolution
		HideSolutionNode = FALSE
	EndGlobalSection
	GlobalSection(ExtensibilityGlobals) = postSolution
		SolutionGuid = {F7297C0E-F7B0-4757-8323-6B1B8B151B7F}
	EndGlobalSection
EndGlobal
